// !$*UTF8*$!
{
	archiveVersion = 1;
	classes = {
	};
	objectVersion = 77;
	objects = {

/* Begin PBXBuildFile section */
		0992DE1D8CCEF529BE1BED21 /* CaptureOrientation.swift in Sources */ = {isa = PBXBuildFile; fileRef = D43D15F7FA8F980BB1797B04 /* CaptureOrientation.swift */; };
		09B119EC0E29BDEC7F70B7D5 /* BatteryMonitor.swift in Sources */ = {isa = PBXBuildFile; fileRef = 49CE59B81C0E3175923BF91C /* BatteryMonitor.swift */; };
		0A7D0F819D66A3A772452939 /* OnboardingViewModel.swift in Sources */ = {isa = PBXBuildFile; fileRef = B6057C3B3B620935FF3CF602 /* OnboardingViewModel.swift */; };
		10C9477D410579F68304AC69 /* HistoryView.swift in Sources */ = {isa = PBXBuildFile; fileRef = 2CB133D92EBF30D4044D9B03 /* HistoryView.swift */; };
		11773F0BA75B3989811089DD /* ImageViewerView.swift in Sources */ = {isa = PBXBuildFile; fileRef = E9927FF3C40F665C21A778D4 /* ImageViewerView.swift */; };
		17B0C3C851C3AB0BFB216852 /* GlitchOverlay.swift in Sources */ = {isa = PBXBuildFile; fileRef = 7E24AB32DC028887C50C86DE /* GlitchOverlay.swift */; };
		1E6CB667E140BEF1C5C1A8A2 /* HologramPanelView.swift in Sources */ = {isa = PBXBuildFile; fileRef = F7C0814B3286B9FDBC56DA56 /* HologramPanelView.swift */; };
		21EDE6293BE38B70ADA14FF1 /* OnboardingView.swift in Sources */ = {isa = PBXBuildFile; fileRef = 274A021C55EEE5BE79AD36EF /* OnboardingView.swift */; };
		2A444F9B67F34C6BFAAECB1B /* HistoryViewModelTests.swift in Sources */ = {isa = PBXBuildFile; fileRef = 191B9B10332912B8FF484BFF /* HistoryViewModelTests.swift */; };
		2CF287C6091B992398DDFB27 /* HistoryEntry.swift in Sources */ = {isa = PBXBuildFile; fileRef = E6C298C4DE4834DC2D199E46 /* HistoryEntry.swift */; };
		30F42B12627C41ABAC20E776 /* HistoryEntryRow.swift in Sources */ = {isa = PBXBuildFile; fileRef = CB5FB9A9B660D585D0B3A0D0 /* HistoryEntryRow.swift */; };
		41C679517071D7D9FAE967AB /* TestHelpers.swift in Sources */ = {isa = PBXBuildFile; fileRef = B165A96C6BFAB4D9BCD73BD2 /* TestHelpers.swift */; };
		42D6F5158DF459DCA922CBCB /* FloatingBubblesContainer.swift in Sources */ = {isa = PBXBuildFile; fileRef = A6E814D3B12CF45905313E1B /* FloatingBubblesContainer.swift */; };
		52315392BC1B8E7C35BB7E53 /* OnboardingFooterView.swift in Sources */ = {isa = PBXBuildFile; fileRef = 4C8493151C7707C09AA6B3CD /* OnboardingFooterView.swift */; };
		54200B4FD06D326EFA5F45D2 /* HUDRootView.swift in Sources */ = {isa = PBXBuildFile; fileRef = 7F5B32DD9E3ADBCAF62B4E39 /* HUDRootView.swift */; };
		5754C2F41B1741DBA82F50E2 /* CameraPreviewView.swift in Sources */ = {isa = PBXBuildFile; fileRef = CCBAFE95F655D004080003ED /* CameraPreviewView.swift */; };
		668CD01565AE2215A63C4162 /* SettingsView.swift in Sources */ = {isa = PBXBuildFile; fileRef = 6E107706B3723E6EADAC584D /* SettingsView.swift */; };
		66920C39C003C15E872E253A /* HUDTopCapsuleStyle.swift in Sources */ = {isa = PBXBuildFile; fileRef = 987B0DF5BD55C26F32A4BE3A /* HUDTopCapsuleStyle.swift */; };
		66BC43F047C8AA0989B27180 /* ContentView.swift in Sources */ = {isa = PBXBuildFile; fileRef = 9D5028A996EEED34387FFBB0 /* ContentView.swift */; };
		6A44A1565E9AED72ACDAC966 /* Interest.swift in Sources */ = {isa = PBXBuildFile; fileRef = C9BA6C8C4569D324869652FF /* Interest.swift */; };
		715968C66169304C37B564D2 /* MockServices.swift in Sources */ = {isa = PBXBuildFile; fileRef = 3F104DB463F760EABE2A1302 /* MockServices.swift */; };
		78812738899293B79FF22758 /* HUDSafeArea.swift in Sources */ = {isa = PBXBuildFile; fileRef = 26C0DF4C5287D8C3AAD42133 /* HUDSafeArea.swift */; };
		7CDA4B7259450334F00F3AB8 /* ScanlinesOverlay.swift in Sources */ = {isa = PBXBuildFile; fileRef = 4AD462DF9C3672D3E9061FA3 /* ScanlinesOverlay.swift */; };
		7F3DC9BAAC407D172712C149 /* ArGlassApp.swift in Sources */ = {isa = PBXBuildFile; fileRef = 1A95D440BA713A360F1331C3 /* ArGlassApp.swift */; };
		8493D7824EB5F0AA6864E976 /* HUDDebugMenu.swift in Sources */ = {isa = PBXBuildFile; fileRef = 92851E7418F764B61DF6E4AC /* HUDDebugMenu.swift */; };
		86EB316338E24E3BC73410F5 /* HistoryServiceTests.swift in Sources */ = {isa = PBXBuildFile; fileRef = FDAFC854335E61BE2CC30AC1 /* HistoryServiceTests.swift */; };
		8B00DD6A7330D3608B94DAAF /* InterestTests.swift in Sources */ = {isa = PBXBuildFile; fileRef = 1DC56EBDAF4E6700BDC94A5D /* InterestTests.swift */; };
		8EB5C4A1D8AD8B9BDA1DB5DB /* LocationInfoTests.swift in Sources */ = {isa = PBXBuildFile; fileRef = 505AEA5A4EFBE071F1E67568 /* LocationInfoTests.swift */; };
		9137A688904813878BAB1255 /* Assets.xcassets in Resources */ = {isa = PBXBuildFile; fileRef = E1810F3A7A3F87EF213D7CB5 /* Assets.xcassets */; };
		928F699B686548453911ADA4 /* CameraService.swift in Sources */ = {isa = PBXBuildFile; fileRef = 2C4F789337D07D0324E673EB /* CameraService.swift */; };
		944461E997C379B5DFEE30DE /* DebugStatusOverlay.swift in Sources */ = {isa = PBXBuildFile; fileRef = 277DA690D3EC86068A43C90E /* DebugStatusOverlay.swift */; };
		96EF82EA8EA334877777AB14 /* LocationInfo.swift in Sources */ = {isa = PBXBuildFile; fileRef = 0CD3EF08DBBC1511026933F7 /* LocationInfo.swift */; };
		979F3BF80221430DC91D0A03 /* CaptureOrientationTests.swift in Sources */ = {isa = PBXBuildFile; fileRef = 3CBBCA1D24339A1E3E862AE5 /* CaptureOrientationTests.swift */; };
		9BC1933C22D8ABBBB9B2BFE0 /* DirectionIndicatorView.swift in Sources */ = {isa = PBXBuildFile; fileRef = 537366B94581A64A173B2494 /* DirectionIndicatorView.swift */; };
		9D985C1AF2905FCBBBD2579D /* Landmark.swift in Sources */ = {isa = PBXBuildFile; fileRef = 904D008AC06564BF48C25EFB /* Landmark.swift */; };
		A107E98986EC9059F75528EE /* CaptureFlashOverlay.swift in Sources */ = {isa = PBXBuildFile; fileRef = 5DAE1984BB44B4E67CC8CB7F /* CaptureFlashOverlay.swift */; };
		A1F79A81CEE0FE98C498E4C9 /* Localizable.strings in Resources */ = {isa = PBXBuildFile; fileRef = E02C80854248FE12D01EB1A2 /* Localizable.strings */; };
		A9F09A1CE5D62FC8AC63FD5E /* LandmarkTests.swift in Sources */ = {isa = PBXBuildFile; fileRef = 3C049970BF03EB9315D7ADDA /* LandmarkTests.swift */; };
		AC72229FB0F2D48B931ABA8B /* OnboardingViewModelTests.swift in Sources */ = {isa = PBXBuildFile; fileRef = 515B0F8F6991FA12316B4CB4 /* OnboardingViewModelTests.swift */; };
		AE02902C074A19D5C4267D77 /* HUDViewModel.swift in Sources */ = {isa = PBXBuildFile; fileRef = 676D7CF0A999D258749F7F90 /* HUDViewModel.swift */; };
		B4BF66CD8C3B00D5064DD63C /* HistoryViewModel.swift in Sources */ = {isa = PBXBuildFile; fileRef = 1AFC5D680C6D9AA6B6AADD6D /* HistoryViewModel.swift */; };
		B7D5E0A620DD1BE351F98703 /* GlassCard.swift in Sources */ = {isa = PBXBuildFile; fileRef = 47807367C880E75989B562E5 /* GlassCard.swift */; };
		BEACFC7497F4E51761AF62EA /* LocationService.swift in Sources */ = {isa = PBXBuildFile; fileRef = 9E3562E083B6AB8C1EAC5E05 /* LocationService.swift */; };
		BF8A95CC6BD4CE1BB9E528E1 /* NeonGlow.swift in Sources */ = {isa = PBXBuildFile; fileRef = 5DD46F61570CC01DF7BFE2D3 /* NeonGlow.swift */; };
		C709C933107199747910655A /* HistoryService.swift in Sources */ = {isa = PBXBuildFile; fileRef = CA950AEDE0F13FE4B4CC6DC4 /* HistoryService.swift */; };
		CA3C1BC8B62C7E262FCBDB2A /* VLMAPIClient.swift in Sources */ = {isa = PBXBuildFile; fileRef = 6D41D59D968A43BCACD976A9 /* VLMAPIClient.swift */; };
		D1BB2C72B58B50A3FF23CB8A /* InterestBubbleView.swift in Sources */ = {isa = PBXBuildFile; fileRef = 48B5A53B05FC31F622E3681F /* InterestBubbleView.swift */; };
		D4AE6B19F3C300FC6E04B8C2 /* HistoryEntryTests.swift in Sources */ = {isa = PBXBuildFile; fileRef = D469387C9E7122AF789197EB /* HistoryEntryTests.swift */; };
		D768513797CDB6A5A2F8434F /* ServiceProtocols.swift in Sources */ = {isa = PBXBuildFile; fileRef = 6D5B8931C274A8D736F3B45E /* ServiceProtocols.swift */; };
		D8A8E2FA3978E62F9CA98F34 /* TypingText.swift in Sources */ = {isa = PBXBuildFile; fileRef = 5D824C050A27BE5ED754730C /* TypingText.swift */; };
		DF32E96BD6F46556753FE9AD /* TargetMarkerView.swift in Sources */ = {isa = PBXBuildFile; fileRef = A9032FF0BC4FA5878253DD30 /* TargetMarkerView.swift */; };
		E245B5EB4DF500E0BDE4D668 /* HUDViewModelTests.swift in Sources */ = {isa = PBXBuildFile; fileRef = FFC06399F58E119A98D23F28 /* HUDViewModelTests.swift */; };
		F7D4F0518FE742CCF4368FDF /* HUDStatusBarView.swift in Sources */ = {isa = PBXBuildFile; fileRef = 855690BED08F2CC626DAF79B /* HUDStatusBarView.swift */; };
/* End PBXBuildFile section */

/* Begin PBXContainerItemProxy section */
		CE12DAFD26A79DC3F4479848 /* PBXContainerItemProxy */ = {
			isa = PBXContainerItemProxy;
			containerPortal = FBC4074F63F8C57467B72CF6 /* Project object */;
			proxyType = 1;
			remoteGlobalIDString = A3E2016DDCB494B3CE01D578;
			remoteInfo = ArGlass;
		};
/* End PBXContainerItemProxy section */

/* Begin PBXFileReference section */
		0CD3EF08DBBC1511026933F7 /* LocationInfo.swift */ = {isa = PBXFileReference; lastKnownFileType = sourcecode.swift; path = LocationInfo.swift; sourceTree = "<group>"; };
		191B9B10332912B8FF484BFF /* HistoryViewModelTests.swift */ = {isa = PBXFileReference; lastKnownFileType = sourcecode.swift; path = HistoryViewModelTests.swift; sourceTree = "<group>"; };
		1A95D440BA713A360F1331C3 /* ArGlassApp.swift */ = {isa = PBXFileReference; lastKnownFileType = sourcecode.swift; path = ArGlassApp.swift; sourceTree = "<group>"; };
		1AFC5D680C6D9AA6B6AADD6D /* HistoryViewModel.swift */ = {isa = PBXFileReference; lastKnownFileType = sourcecode.swift; path = HistoryViewModel.swift; sourceTree = "<group>"; };
		1DC56EBDAF4E6700BDC94A5D /* InterestTests.swift */ = {isa = PBXFileReference; lastKnownFileType = sourcecode.swift; path = InterestTests.swift; sourceTree = "<group>"; };
		26C0DF4C5287D8C3AAD42133 /* HUDSafeArea.swift */ = {isa = PBXFileReference; lastKnownFileType = sourcecode.swift; path = HUDSafeArea.swift; sourceTree = "<group>"; };
		274A021C55EEE5BE79AD36EF /* OnboardingView.swift */ = {isa = PBXFileReference; lastKnownFileType = sourcecode.swift; path = OnboardingView.swift; sourceTree = "<group>"; };
		277DA690D3EC86068A43C90E /* DebugStatusOverlay.swift */ = {isa = PBXFileReference; lastKnownFileType = sourcecode.swift; path = DebugStatusOverlay.swift; sourceTree = "<group>"; };
		2C4F789337D07D0324E673EB /* CameraService.swift */ = {isa = PBXFileReference; lastKnownFileType = sourcecode.swift; path = CameraService.swift; sourceTree = "<group>"; };
		2CB133D92EBF30D4044D9B03 /* HistoryView.swift */ = {isa = PBXFileReference; lastKnownFileType = sourcecode.swift; path = HistoryView.swift; sourceTree = "<group>"; };
		3C049970BF03EB9315D7ADDA /* LandmarkTests.swift */ = {isa = PBXFileReference; lastKnownFileType = sourcecode.swift; path = LandmarkTests.swift; sourceTree = "<group>"; };
		3CBBCA1D24339A1E3E862AE5 /* CaptureOrientationTests.swift */ = {isa = PBXFileReference; lastKnownFileType = sourcecode.swift; path = CaptureOrientationTests.swift; sourceTree = "<group>"; };
		3F104DB463F760EABE2A1302 /* MockServices.swift */ = {isa = PBXFileReference; lastKnownFileType = sourcecode.swift; path = MockServices.swift; sourceTree = "<group>"; };
		47807367C880E75989B562E5 /* GlassCard.swift */ = {isa = PBXFileReference; lastKnownFileType = sourcecode.swift; path = GlassCard.swift; sourceTree = "<group>"; };
		48B5A53B05FC31F622E3681F /* InterestBubbleView.swift */ = {isa = PBXFileReference; lastKnownFileType = sourcecode.swift; path = InterestBubbleView.swift; sourceTree = "<group>"; };
		4956450FC7469FD43468C055 /* ja */ = {isa = PBXFileReference; lastKnownFileType = text.plist.strings; name = ja; path = ja.lproj/Localizable.strings; sourceTree = "<group>"; };
		49CE59B81C0E3175923BF91C /* BatteryMonitor.swift */ = {isa = PBXFileReference; lastKnownFileType = sourcecode.swift; path = BatteryMonitor.swift; sourceTree = "<group>"; };
		4AD462DF9C3672D3E9061FA3 /* ScanlinesOverlay.swift */ = {isa = PBXFileReference; lastKnownFileType = sourcecode.swift; path = ScanlinesOverlay.swift; sourceTree = "<group>"; };
		4C8493151C7707C09AA6B3CD /* OnboardingFooterView.swift */ = {isa = PBXFileReference; lastKnownFileType = sourcecode.swift; path = OnboardingFooterView.swift; sourceTree = "<group>"; };
		505AEA5A4EFBE071F1E67568 /* LocationInfoTests.swift */ = {isa = PBXFileReference; lastKnownFileType = sourcecode.swift; path = LocationInfoTests.swift; sourceTree = "<group>"; };
		515B0F8F6991FA12316B4CB4 /* OnboardingViewModelTests.swift */ = {isa = PBXFileReference; lastKnownFileType = sourcecode.swift; path = OnboardingViewModelTests.swift; sourceTree = "<group>"; };
		537366B94581A64A173B2494 /* DirectionIndicatorView.swift */ = {isa = PBXFileReference; lastKnownFileType = sourcecode.swift; path = DirectionIndicatorView.swift; sourceTree = "<group>"; };
		5841004A60FDCD99DB77B6EF /* ArGlass.app */ = {isa = PBXFileReference; includeInIndex = 0; lastKnownFileType = wrapper.application; path = ArGlass.app; sourceTree = BUILT_PRODUCTS_DIR; };
		5D824C050A27BE5ED754730C /* TypingText.swift */ = {isa = PBXFileReference; lastKnownFileType = sourcecode.swift; path = TypingText.swift; sourceTree = "<group>"; };
		5DAE1984BB44B4E67CC8CB7F /* CaptureFlashOverlay.swift */ = {isa = PBXFileReference; lastKnownFileType = sourcecode.swift; path = CaptureFlashOverlay.swift; sourceTree = "<group>"; };
		5DD46F61570CC01DF7BFE2D3 /* NeonGlow.swift */ = {isa = PBXFileReference; lastKnownFileType = sourcecode.swift; path = NeonGlow.swift; sourceTree = "<group>"; };
		6272D153D37A09C9AFE2051E /* Info.plist */ = {isa = PBXFileReference; lastKnownFileType = text.plist; path = Info.plist; sourceTree = "<group>"; };
		676D7CF0A999D258749F7F90 /* HUDViewModel.swift */ = {isa = PBXFileReference; lastKnownFileType = sourcecode.swift; path = HUDViewModel.swift; sourceTree = "<group>"; };
		6D41D59D968A43BCACD976A9 /* VLMAPIClient.swift */ = {isa = PBXFileReference; lastKnownFileType = sourcecode.swift; path = VLMAPIClient.swift; sourceTree = "<group>"; };
		6D5B8931C274A8D736F3B45E /* ServiceProtocols.swift */ = {isa = PBXFileReference; lastKnownFileType = sourcecode.swift; path = ServiceProtocols.swift; sourceTree = "<group>"; };
		6E107706B3723E6EADAC584D /* SettingsView.swift */ = {isa = PBXFileReference; lastKnownFileType = sourcecode.swift; path = SettingsView.swift; sourceTree = "<group>"; };
		71A4429ADDABD00AAB5EDB51 /* de */ = {isa = PBXFileReference; lastKnownFileType = text.plist.strings; name = de; path = de.lproj/Localizable.strings; sourceTree = "<group>"; };
		7E24AB32DC028887C50C86DE /* GlitchOverlay.swift */ = {isa = PBXFileReference; lastKnownFileType = sourcecode.swift; path = GlitchOverlay.swift; sourceTree = "<group>"; };
		7F5B32DD9E3ADBCAF62B4E39 /* HUDRootView.swift */ = {isa = PBXFileReference; lastKnownFileType = sourcecode.swift; path = HUDRootView.swift; sourceTree = "<group>"; };
		855690BED08F2CC626DAF79B /* HUDStatusBarView.swift */ = {isa = PBXFileReference; lastKnownFileType = sourcecode.swift; path = HUDStatusBarView.swift; sourceTree = "<group>"; };
		904D008AC06564BF48C25EFB /* Landmark.swift */ = {isa = PBXFileReference; lastKnownFileType = sourcecode.swift; path = Landmark.swift; sourceTree = "<group>"; };
		92851E7418F764B61DF6E4AC /* HUDDebugMenu.swift */ = {isa = PBXFileReference; lastKnownFileType = sourcecode.swift; path = HUDDebugMenu.swift; sourceTree = "<group>"; };
		987B0DF5BD55C26F32A4BE3A /* HUDTopCapsuleStyle.swift */ = {isa = PBXFileReference; lastKnownFileType = sourcecode.swift; path = HUDTopCapsuleStyle.swift; sourceTree = "<group>"; };
		9D5028A996EEED34387FFBB0 /* ContentView.swift */ = {isa = PBXFileReference; lastKnownFileType = sourcecode.swift; path = ContentView.swift; sourceTree = "<group>"; };
		9E3562E083B6AB8C1EAC5E05 /* LocationService.swift */ = {isa = PBXFileReference; lastKnownFileType = sourcecode.swift; path = LocationService.swift; sourceTree = "<group>"; };
		A6E814D3B12CF45905313E1B /* FloatingBubblesContainer.swift */ = {isa = PBXFileReference; lastKnownFileType = sourcecode.swift; path = FloatingBubblesContainer.swift; sourceTree = "<group>"; };
		A9032FF0BC4FA5878253DD30 /* TargetMarkerView.swift */ = {isa = PBXFileReference; lastKnownFileType = sourcecode.swift; path = TargetMarkerView.swift; sourceTree = "<group>"; };
		B165A96C6BFAB4D9BCD73BD2 /* TestHelpers.swift */ = {isa = PBXFileReference; lastKnownFileType = sourcecode.swift; path = TestHelpers.swift; sourceTree = "<group>"; };
		B6057C3B3B620935FF3CF602 /* OnboardingViewModel.swift */ = {isa = PBXFileReference; lastKnownFileType = sourcecode.swift; path = OnboardingViewModel.swift; sourceTree = "<group>"; };
		C91EE50757548F2294C544C7 /* ArGlassTests.xctest */ = {isa = PBXFileReference; includeInIndex = 0; lastKnownFileType = wrapper.cfbundle; path = ArGlassTests.xctest; sourceTree = BUILT_PRODUCTS_DIR; };
		C9BA6C8C4569D324869652FF /* Interest.swift */ = {isa = PBXFileReference; lastKnownFileType = sourcecode.swift; path = Interest.swift; sourceTree = "<group>"; };
		CA950AEDE0F13FE4B4CC6DC4 /* HistoryService.swift */ = {isa = PBXFileReference; lastKnownFileType = sourcecode.swift; path = HistoryService.swift; sourceTree = "<group>"; };
		CB5FB9A9B660D585D0B3A0D0 /* HistoryEntryRow.swift */ = {isa = PBXFileReference; lastKnownFileType = sourcecode.swift; path = HistoryEntryRow.swift; sourceTree = "<group>"; };
		CCBAFE95F655D004080003ED /* CameraPreviewView.swift */ = {isa = PBXFileReference; lastKnownFileType = sourcecode.swift; path = CameraPreviewView.swift; sourceTree = "<group>"; };
		D43D15F7FA8F980BB1797B04 /* CaptureOrientation.swift */ = {isa = PBXFileReference; lastKnownFileType = sourcecode.swift; path = CaptureOrientation.swift; sourceTree = "<group>"; };
		D469387C9E7122AF789197EB /* HistoryEntryTests.swift */ = {isa = PBXFileReference; lastKnownFileType = sourcecode.swift; path = HistoryEntryTests.swift; sourceTree = "<group>"; };
		DB445E5BEF23DF517D8C56BD /* zh-Hans */ = {isa = PBXFileReference; lastKnownFileType = text.plist.strings; name = "zh-Hans"; path = "zh-Hans.lproj/Localizable.strings"; sourceTree = "<group>"; };
		E1810F3A7A3F87EF213D7CB5 /* Assets.xcassets */ = {isa = PBXFileReference; lastKnownFileType = folder.assetcatalog; path = Assets.xcassets; sourceTree = "<group>"; };
		E6C298C4DE4834DC2D199E46 /* HistoryEntry.swift */ = {isa = PBXFileReference; lastKnownFileType = sourcecode.swift; path = HistoryEntry.swift; sourceTree = "<group>"; };
		E9927FF3C40F665C21A778D4 /* ImageViewerView.swift */ = {isa = PBXFileReference; lastKnownFileType = sourcecode.swift; path = ImageViewerView.swift; sourceTree = "<group>"; };
		EEC62CD9232C079A42D3ED50 /* en */ = {isa = PBXFileReference; lastKnownFileType = text.plist.strings; name = en; path = en.lproj/Localizable.strings; sourceTree = "<group>"; };
		F7C0814B3286B9FDBC56DA56 /* HologramPanelView.swift */ = {isa = PBXFileReference; lastKnownFileType = sourcecode.swift; path = HologramPanelView.swift; sourceTree = "<group>"; };
		FA15DD0BF023669B168DE6B1 /* zh-Hant */ = {isa = PBXFileReference; lastKnownFileType = text.plist.strings; name = "zh-Hant"; path = "zh-Hant.lproj/Localizable.strings"; sourceTree = "<group>"; };
		FDAFC854335E61BE2CC30AC1 /* HistoryServiceTests.swift */ = {isa = PBXFileReference; lastKnownFileType = sourcecode.swift; path = HistoryServiceTests.swift; sourceTree = "<group>"; };
		FFC06399F58E119A98D23F28 /* HUDViewModelTests.swift */ = {isa = PBXFileReference; lastKnownFileType = sourcecode.swift; path = HUDViewModelTests.swift; sourceTree = "<group>"; };
/* End PBXFileReference section */

/* Begin PBXGroup section */
		02EB35C5B26C20A8AC2C6993 /* Services */ = {
			isa = PBXGroup;
			children = (
				49CE59B81C0E3175923BF91C /* BatteryMonitor.swift */,
				CCBAFE95F655D004080003ED /* CameraPreviewView.swift */,
				2C4F789337D07D0324E673EB /* CameraService.swift */,
				CA950AEDE0F13FE4B4CC6DC4 /* HistoryService.swift */,
				9E3562E083B6AB8C1EAC5E05 /* LocationService.swift */,
				6D5B8931C274A8D736F3B45E /* ServiceProtocols.swift */,
				6D41D59D968A43BCACD976A9 /* VLMAPIClient.swift */,
			);
			path = Services;
			sourceTree = "<group>";
		};
		054A7582524BC675E2E93300 /* ServiceTests */ = {
			isa = PBXGroup;
			children = (
				FDAFC854335E61BE2CC30AC1 /* HistoryServiceTests.swift */,
			);
			path = ServiceTests;
			sourceTree = "<group>";
		};
		093B0A561FAB8FCFA40E05A1 /* HUD */ = {
			isa = PBXGroup;
			children = (
				F7C0814B3286B9FDBC56DA56 /* HologramPanelView.swift */,
				7F5B32DD9E3ADBCAF62B4E39 /* HUDRootView.swift */,
				855690BED08F2CC626DAF79B /* HUDStatusBarView.swift */,
				E9927FF3C40F665C21A778D4 /* ImageViewerView.swift */,
				A9032FF0BC4FA5878253DD30 /* TargetMarkerView.swift */,
			);
			path = HUD;
			sourceTree = "<group>";
		};
		0E40BDA1B333BC8FEBA7D7EC /* Products */ = {
			isa = PBXGroup;
			children = (
				5841004A60FDCD99DB77B6EF /* ArGlass.app */,
				C91EE50757548F2294C544C7 /* ArGlassTests.xctest */,
			);
			name = Products;
			sourceTree = "<group>";
		};
		3A656CAA4234205F34F1367A /* ViewModel */ = {
			isa = PBXGroup;
			children = (
				1AFC5D680C6D9AA6B6AADD6D /* HistoryViewModel.swift */,
				676D7CF0A999D258749F7F90 /* HUDViewModel.swift */,
				B6057C3B3B620935FF3CF602 /* OnboardingViewModel.swift */,
			);
			path = ViewModel;
			sourceTree = "<group>";
		};
		47A5880E68A2337FC925E084 /* History */ = {
			isa = PBXGroup;
			children = (
				CB5FB9A9B660D585D0B3A0D0 /* HistoryEntryRow.swift */,
				2CB133D92EBF30D4044D9B03 /* HistoryView.swift */,
			);
			path = History;
			sourceTree = "<group>";
		};
		58544E005AF020A897490574 /* ArGlassTests */ = {
			isa = PBXGroup;
			children = (
				7BEE84273880ED93CFF9DE1C /* Helpers */,
				DF752AB801928C8CED08D6AC /* ModelTests */,
				054A7582524BC675E2E93300 /* ServiceTests */,
				A8AEFDA775B3F0E657B1CE66 /* ViewModelTests */,
			);
			path = ArGlassTests;
			sourceTree = "<group>";
		};
		723A46D3DAF4AF06337B20F6 = {
			isa = PBXGroup;
			children = (
				9C6BF98EF17F22F038269281 /* ArGlass */,
				58544E005AF020A897490574 /* ArGlassTests */,
				0E40BDA1B333BC8FEBA7D7EC /* Products */,
			);
			sourceTree = "<group>";
		};
		73E06F088CD1A46863C59811 /* Settings */ = {
			isa = PBXGroup;
			children = (
				6E107706B3723E6EADAC584D /* SettingsView.swift */,
			);
			path = Settings;
			sourceTree = "<group>";
		};
		780F27857B4797655BF648AE /* Views */ = {
			isa = PBXGroup;
			children = (
				E6006AF3D71AA72E2AC522BA /* Components */,
				9D740FF71FC6E400DCDCD70A /* Debug */,
				88F8551D980CE782E530CF16 /* Effects */,
				47A5880E68A2337FC925E084 /* History */,
				093B0A561FAB8FCFA40E05A1 /* HUD */,
				DA7CCB038791F69D319E7CB1 /* Onboarding */,
				73E06F088CD1A46863C59811 /* Settings */,
			);
			path = Views;
			sourceTree = "<group>";
		};
		7BEE84273880ED93CFF9DE1C /* Helpers */ = {
			isa = PBXGroup;
			children = (
				3F104DB463F760EABE2A1302 /* MockServices.swift */,
				B165A96C6BFAB4D9BCD73BD2 /* TestHelpers.swift */,
			);
			path = Helpers;
			sourceTree = "<group>";
		};
		88F8551D980CE782E530CF16 /* Effects */ = {
			isa = PBXGroup;
			children = (
				5DAE1984BB44B4E67CC8CB7F /* CaptureFlashOverlay.swift */,
				7E24AB32DC028887C50C86DE /* GlitchOverlay.swift */,
				5DD46F61570CC01DF7BFE2D3 /* NeonGlow.swift */,
				4AD462DF9C3672D3E9061FA3 /* ScanlinesOverlay.swift */,
			);
			path = Effects;
			sourceTree = "<group>";
		};
		9C6BF98EF17F22F038269281 /* ArGlass */ = {
			isa = PBXGroup;
			children = (
				1A95D440BA713A360F1331C3 /* ArGlassApp.swift */,
				9D5028A996EEED34387FFBB0 /* ContentView.swift */,
				EB9790473072FD7D11FD06FD /* Models */,
				F1CD37FF517EDA32664BF81C /* Resources */,
				02EB35C5B26C20A8AC2C6993 /* Services */,
				3A656CAA4234205F34F1367A /* ViewModel */,
				780F27857B4797655BF648AE /* Views */,
			);
			path = ArGlass;
			sourceTree = "<group>";
		};
		9D740FF71FC6E400DCDCD70A /* Debug */ = {
			isa = PBXGroup;
			children = (
				277DA690D3EC86068A43C90E /* DebugStatusOverlay.swift */,
				92851E7418F764B61DF6E4AC /* HUDDebugMenu.swift */,
			);
			path = Debug;
			sourceTree = "<group>";
		};
		A8AEFDA775B3F0E657B1CE66 /* ViewModelTests */ = {
			isa = PBXGroup;
			children = (
				191B9B10332912B8FF484BFF /* HistoryViewModelTests.swift */,
				FFC06399F58E119A98D23F28 /* HUDViewModelTests.swift */,
				515B0F8F6991FA12316B4CB4 /* OnboardingViewModelTests.swift */,
			);
			path = ViewModelTests;
			sourceTree = "<group>";
		};
		DA7CCB038791F69D319E7CB1 /* Onboarding */ = {
			isa = PBXGroup;
			children = (
				A6E814D3B12CF45905313E1B /* FloatingBubblesContainer.swift */,
				48B5A53B05FC31F622E3681F /* InterestBubbleView.swift */,
				4C8493151C7707C09AA6B3CD /* OnboardingFooterView.swift */,
				274A021C55EEE5BE79AD36EF /* OnboardingView.swift */,
			);
			path = Onboarding;
			sourceTree = "<group>";
		};
		DF752AB801928C8CED08D6AC /* ModelTests */ = {
			isa = PBXGroup;
			children = (
				3CBBCA1D24339A1E3E862AE5 /* CaptureOrientationTests.swift */,
				D469387C9E7122AF789197EB /* HistoryEntryTests.swift */,
				1DC56EBDAF4E6700BDC94A5D /* InterestTests.swift */,
				3C049970BF03EB9315D7ADDA /* LandmarkTests.swift */,
				505AEA5A4EFBE071F1E67568 /* LocationInfoTests.swift */,
			);
			path = ModelTests;
			sourceTree = "<group>";
		};
		E6006AF3D71AA72E2AC522BA /* Components */ = {
			isa = PBXGroup;
			children = (
				537366B94581A64A173B2494 /* DirectionIndicatorView.swift */,
				47807367C880E75989B562E5 /* GlassCard.swift */,
				26C0DF4C5287D8C3AAD42133 /* HUDSafeArea.swift */,
				987B0DF5BD55C26F32A4BE3A /* HUDTopCapsuleStyle.swift */,
				5D824C050A27BE5ED754730C /* TypingText.swift */,
			);
			path = Components;
			sourceTree = "<group>";
		};
		EB9790473072FD7D11FD06FD /* Models */ = {
			isa = PBXGroup;
			children = (
				D43D15F7FA8F980BB1797B04 /* CaptureOrientation.swift */,
				E6C298C4DE4834DC2D199E46 /* HistoryEntry.swift */,
				C9BA6C8C4569D324869652FF /* Interest.swift */,
				904D008AC06564BF48C25EFB /* Landmark.swift */,
				0CD3EF08DBBC1511026933F7 /* LocationInfo.swift */,
			);
			path = Models;
			sourceTree = "<group>";
		};
		F1CD37FF517EDA32664BF81C /* Resources */ = {
			isa = PBXGroup;
			children = (
				E1810F3A7A3F87EF213D7CB5 /* Assets.xcassets */,
				6272D153D37A09C9AFE2051E /* Info.plist */,
				E02C80854248FE12D01EB1A2 /* Localizable.strings */,
			);
			path = Resources;
			sourceTree = "<group>";
		};
/* End PBXGroup section */

/* Begin PBXNativeTarget section */
		A3E2016DDCB494B3CE01D578 /* ArGlass */ = {
			isa = PBXNativeTarget;
			buildConfigurationList = E9F1F43E39D41EF598F8AAD5 /* Build configuration list for PBXNativeTarget "ArGlass" */;
			buildPhases = (
				175289992254083370732273 /* Sources */,
				1938575A05389FB7D9E0B5E3 /* Resources */,
			);
			buildRules = (
			);
			dependencies = (
			);
			name = ArGlass;
			packageProductDependencies = (
			);
			productName = ArGlass;
			productReference = 5841004A60FDCD99DB77B6EF /* ArGlass.app */;
			productType = "com.apple.product-type.application";
		};
		E6188650797405A39B8BC543 /* ArGlassTests */ = {
			isa = PBXNativeTarget;
			buildConfigurationList = B626596722B6944F783FC263 /* Build configuration list for PBXNativeTarget "ArGlassTests" */;
			buildPhases = (
				B0EBC3D08CD4498B821A69E5 /* Sources */,
			);
			buildRules = (
			);
			dependencies = (
				B4A62143497FAE937B0A9F20 /* PBXTargetDependency */,
			);
			name = ArGlassTests;
			packageProductDependencies = (
			);
			productName = ArGlassTests;
			productReference = C91EE50757548F2294C544C7 /* ArGlassTests.xctest */;
			productType = "com.apple.product-type.bundle.unit-test";
		};
/* End PBXNativeTarget section */

/* Begin PBXProject section */
		FBC4074F63F8C57467B72CF6 /* Project object */ = {
			isa = PBXProject;
			attributes = {
				BuildIndependentTargetsInParallel = YES;
				LastUpgradeCheck = 1430;
				TargetAttributes = {
					A3E2016DDCB494B3CE01D578 = {
						DevelopmentTeam = R5YS6ZB47G;
						ProvisioningStyle = Automatic;
					};
					E6188650797405A39B8BC543 = {
						DevelopmentTeam = R5YS6ZB47G;
						ProvisioningStyle = Automatic;
					};
				};
			};
			buildConfigurationList = C0CFC0E74D9C6C4CE5BDB4F6 /* Build configuration list for PBXProject "ArGlass" */;
			compatibilityVersion = "Xcode 14.0";
			developmentRegion = en;
			hasScannedForEncodings = 0;
			knownRegions = (
				Base,
				de,
				en,
				ja,
				"zh-Hans",
				"zh-Hant",
			);
			mainGroup = 723A46D3DAF4AF06337B20F6;
			minimizedProjectReferenceProxies = 1;
			preferredProjectObjectVersion = 77;
			projectDirPath = "";
			projectRoot = "";
			targets = (
				A3E2016DDCB494B3CE01D578 /* ArGlass */,
				E6188650797405A39B8BC543 /* ArGlassTests */,
			);
		};
/* End PBXProject section */

/* Begin PBXResourcesBuildPhase section */
		1938575A05389FB7D9E0B5E3 /* Resources */ = {
			isa = PBXResourcesBuildPhase;
			buildActionMask = 2147483647;
			files = (
				9137A688904813878BAB1255 /* Assets.xcassets in Resources */,
				A1F79A81CEE0FE98C498E4C9 /* Localizable.strings in Resources */,
			);
			runOnlyForDeploymentPostprocessing = 0;
		};
/* End PBXResourcesBuildPhase section */

/* Begin PBXSourcesBuildPhase section */
		175289992254083370732273 /* Sources */ = {
			isa = PBXSourcesBuildPhase;
			buildActionMask = 2147483647;
			files = (
				7F3DC9BAAC407D172712C149 /* ArGlassApp.swift in Sources */,
				09B119EC0E29BDEC7F70B7D5 /* BatteryMonitor.swift in Sources */,
				5754C2F41B1741DBA82F50E2 /* CameraPreviewView.swift in Sources */,
				928F699B686548453911ADA4 /* CameraService.swift in Sources */,
				A107E98986EC9059F75528EE /* CaptureFlashOverlay.swift in Sources */,
				0992DE1D8CCEF529BE1BED21 /* CaptureOrientation.swift in Sources */,
				66BC43F047C8AA0989B27180 /* ContentView.swift in Sources */,
				944461E997C379B5DFEE30DE /* DebugStatusOverlay.swift in Sources */,
				9BC1933C22D8ABBBB9B2BFE0 /* DirectionIndicatorView.swift in Sources */,
				42D6F5158DF459DCA922CBCB /* FloatingBubblesContainer.swift in Sources */,
				B7D5E0A620DD1BE351F98703 /* GlassCard.swift in Sources */,
				17B0C3C851C3AB0BFB216852 /* GlitchOverlay.swift in Sources */,
				8493D7824EB5F0AA6864E976 /* HUDDebugMenu.swift in Sources */,
				54200B4FD06D326EFA5F45D2 /* HUDRootView.swift in Sources */,
				78812738899293B79FF22758 /* HUDSafeArea.swift in Sources */,
				F7D4F0518FE742CCF4368FDF /* HUDStatusBarView.swift in Sources */,
				66920C39C003C15E872E253A /* HUDTopCapsuleStyle.swift in Sources */,
				AE02902C074A19D5C4267D77 /* HUDViewModel.swift in Sources */,
				2CF287C6091B992398DDFB27 /* HistoryEntry.swift in Sources */,
				30F42B12627C41ABAC20E776 /* HistoryEntryRow.swift in Sources */,
				C709C933107199747910655A /* HistoryService.swift in Sources */,
				10C9477D410579F68304AC69 /* HistoryView.swift in Sources */,
				B4BF66CD8C3B00D5064DD63C /* HistoryViewModel.swift in Sources */,
				1E6CB667E140BEF1C5C1A8A2 /* HologramPanelView.swift in Sources */,
				11773F0BA75B3989811089DD /* ImageViewerView.swift in Sources */,
				6A44A1565E9AED72ACDAC966 /* Interest.swift in Sources */,
				D1BB2C72B58B50A3FF23CB8A /* InterestBubbleView.swift in Sources */,
				9D985C1AF2905FCBBBD2579D /* Landmark.swift in Sources */,
				96EF82EA8EA334877777AB14 /* LocationInfo.swift in Sources */,
				BEACFC7497F4E51761AF62EA /* LocationService.swift in Sources */,
				BF8A95CC6BD4CE1BB9E528E1 /* NeonGlow.swift in Sources */,
				52315392BC1B8E7C35BB7E53 /* OnboardingFooterView.swift in Sources */,
				21EDE6293BE38B70ADA14FF1 /* OnboardingView.swift in Sources */,
				0A7D0F819D66A3A772452939 /* OnboardingViewModel.swift in Sources */,
				7CDA4B7259450334F00F3AB8 /* ScanlinesOverlay.swift in Sources */,
				D768513797CDB6A5A2F8434F /* ServiceProtocols.swift in Sources */,
				668CD01565AE2215A63C4162 /* SettingsView.swift in Sources */,
				DF32E96BD6F46556753FE9AD /* TargetMarkerView.swift in Sources */,
				D8A8E2FA3978E62F9CA98F34 /* TypingText.swift in Sources */,
				CA3C1BC8B62C7E262FCBDB2A /* VLMAPIClient.swift in Sources */,
			);
			runOnlyForDeploymentPostprocessing = 0;
		};
		B0EBC3D08CD4498B821A69E5 /* Sources */ = {
			isa = PBXSourcesBuildPhase;
			buildActionMask = 2147483647;
			files = (
				979F3BF80221430DC91D0A03 /* CaptureOrientationTests.swift in Sources */,
				E245B5EB4DF500E0BDE4D668 /* HUDViewModelTests.swift in Sources */,
				D4AE6B19F3C300FC6E04B8C2 /* HistoryEntryTests.swift in Sources */,
				86EB316338E24E3BC73410F5 /* HistoryServiceTests.swift in Sources */,
				2A444F9B67F34C6BFAAECB1B /* HistoryViewModelTests.swift in Sources */,
				8B00DD6A7330D3608B94DAAF /* InterestTests.swift in Sources */,
				A9F09A1CE5D62FC8AC63FD5E /* LandmarkTests.swift in Sources */,
				8EB5C4A1D8AD8B9BDA1DB5DB /* LocationInfoTests.swift in Sources */,
				715968C66169304C37B564D2 /* MockServices.swift in Sources */,
				AC72229FB0F2D48B931ABA8B /* OnboardingViewModelTests.swift in Sources */,
				41C679517071D7D9FAE967AB /* TestHelpers.swift in Sources */,
			);
			runOnlyForDeploymentPostprocessing = 0;
		};
/* End PBXSourcesBuildPhase section */

/* Begin PBXTargetDependency section */
		B4A62143497FAE937B0A9F20 /* PBXTargetDependency */ = {
			isa = PBXTargetDependency;
			target = A3E2016DDCB494B3CE01D578 /* ArGlass */;
			targetProxy = CE12DAFD26A79DC3F4479848 /* PBXContainerItemProxy */;
		};
/* End PBXTargetDependency section */

/* Begin PBXVariantGroup section */
		E02C80854248FE12D01EB1A2 /* Localizable.strings */ = {
			isa = PBXVariantGroup;
			children = (
				71A4429ADDABD00AAB5EDB51 /* de */,
				EEC62CD9232C079A42D3ED50 /* en */,
				4956450FC7469FD43468C055 /* ja */,
				DB445E5BEF23DF517D8C56BD /* zh-Hans */,
				FA15DD0BF023669B168DE6B1 /* zh-Hant */,
			);
			name = Localizable.strings;
			sourceTree = "<group>";
		};
/* End PBXVariantGroup section */

/* Begin XCBuildConfiguration section */
		1FFD7E07B2801EB40DCD1348 /* Debug */ = {
			isa = XCBuildConfiguration;
			buildSettings = {
				BUNDLE_LOADER = "$(TEST_HOST)";
				CODE_SIGN_STYLE = Automatic;
				DEVELOPMENT_TEAM = R5YS6ZB47G;
				GENERATE_INFOPLIST_FILE = YES;
				LD_RUNPATH_SEARCH_PATHS = (
					"$(inherited)",
					"@executable_path/Frameworks",
					"@loader_path/Frameworks",
				);
				PRODUCT_BUNDLE_IDENTIFIER = "com.fumiya-kume.arglass.tests";
				SDKROOT = iphoneos;
				TARGETED_DEVICE_FAMILY = "1,2";
				TEST_HOST = "$(BUILT_PRODUCTS_DIR)/ArGlass.app/$(BUNDLE_EXECUTABLE_FOLDER_PATH)/ArGlass";
			};
			name = Debug;
		};
		9617973AB885633EB7ECF2EA /* Release */ = {
			isa = XCBuildConfiguration;
			buildSettings = {
				ASSETCATALOG_COMPILER_APPICON_NAME = AppIcon;
				ASSETCATALOG_COMPILER_GLOBAL_ACCENT_COLOR_NAME = AccentColor;
				CODE_SIGN_IDENTITY = "iPhone Developer";
				CODE_SIGN_STYLE = Automatic;
				DEVELOPMENT_TEAM = R5YS6ZB47G;
				INFOPLIST_FILE = ArGlass/Resources/Info.plist;
				LD_RUNPATH_SEARCH_PATHS = (
					"$(inherited)",
					"@executable_path/Frameworks",
				);
				PRODUCT_BUNDLE_IDENTIFIER = "com.fumiya-kume.arglass";
				SDKROOT = iphoneos;
				TARGETED_DEVICE_FAMILY = "1,2";
			};
			name = Release;
		};
		9C7FDE683FC58ABDA5F01E03 /* Release */ = {
			isa = XCBuildConfiguration;
			buildSettings = {
				BUNDLE_LOADER = "$(TEST_HOST)";
				CODE_SIGN_STYLE = Automatic;
				DEVELOPMENT_TEAM = R5YS6ZB47G;
				GENERATE_INFOPLIST_FILE = YES;
				LD_RUNPATH_SEARCH_PATHS = (
					"$(inherited)",
					"@executable_path/Frameworks",
					"@loader_path/Frameworks",
				);
				PRODUCT_BUNDLE_IDENTIFIER = "com.fumiya-kume.arglass.tests";
				SDKROOT = iphoneos;
				TARGETED_DEVICE_FAMILY = "1,2";
				TEST_HOST = "$(BUILT_PRODUCTS_DIR)/ArGlass.app/$(BUNDLE_EXECUTABLE_FOLDER_PATH)/ArGlass";
			};
			name = Release;
		};
		A4EB93A3229DCA7F4FA298DD /* Debug */ = {
			isa = XCBuildConfiguration;
			buildSettings = {
				ALWAYS_SEARCH_USER_PATHS = NO;
				CLANG_ANALYZER_NONNULL = YES;
				CLANG_ANALYZER_NUMBER_OBJECT_CONVERSION = YES_AGGRESSIVE;
				CLANG_CXX_LANGUAGE_STANDARD = "gnu++14";
				CLANG_CXX_LIBRARY = "libc++";
				CLANG_ENABLE_MODULES = YES;
				CLANG_ENABLE_OBJC_ARC = YES;
				CLANG_ENABLE_OBJC_WEAK = YES;
				CLANG_WARN_BLOCK_CAPTURE_AUTORELEASING = YES;
				CLANG_WARN_BOOL_CONVERSION = YES;
				CLANG_WARN_COMMA = YES;
				CLANG_WARN_CONSTANT_CONVERSION = YES;
				CLANG_WARN_DEPRECATED_OBJC_IMPLEMENTATIONS = YES;
				CLANG_WARN_DIRECT_OBJC_ISA_USAGE = YES_ERROR;
				CLANG_WARN_DOCUMENTATION_COMMENTS = YES;
				CLANG_WARN_EMPTY_BODY = YES;
				CLANG_WARN_ENUM_CONVERSION = YES;
				CLANG_WARN_INFINITE_RECURSION = YES;
				CLANG_WARN_INT_CONVERSION = YES;
				CLANG_WARN_NON_LITERAL_NULL_CONVERSION = YES;
				CLANG_WARN_OBJC_IMPLICIT_RETAIN_SELF = YES;
				CLANG_WARN_OBJC_LITERAL_CONVERSION = YES;
				CLANG_WARN_OBJC_ROOT_CLASS = YES_ERROR;
				CLANG_WARN_QUOTED_INCLUDE_IN_FRAMEWORK_HEADER = YES;
				CLANG_WARN_RANGE_LOOP_ANALYSIS = YES;
				CLANG_WARN_STRICT_PROTOTYPES = YES;
				CLANG_WARN_SUSPICIOUS_MOVE = YES;
				CLANG_WARN_UNGUARDED_AVAILABILITY = YES_AGGRESSIVE;
				CLANG_WARN_UNREACHABLE_CODE = YES;
				CLANG_WARN__DUPLICATE_METHOD_MATCH = YES;
				COPY_PHASE_STRIP = NO;
				CURRENT_PROJECT_VERSION = 1;
				DEBUG_INFORMATION_FORMAT = dwarf;
				ENABLE_STRICT_OBJC_MSGSEND = YES;
				ENABLE_TESTABILITY = YES;
				GCC_C_LANGUAGE_STANDARD = gnu11;
				GCC_DYNAMIC_NO_PIC = NO;
				GCC_NO_COMMON_BLOCKS = YES;
				GCC_OPTIMIZATION_LEVEL = 0;
				GCC_PREPROCESSOR_DEFINITIONS = (
					"$(inherited)",
					"DEBUG=1",
				);
				GCC_WARN_64_TO_32_BIT_CONVERSION = YES;
				GCC_WARN_ABOUT_RETURN_TYPE = YES_ERROR;
				GCC_WARN_UNDECLARED_SELECTOR = YES;
				GCC_WARN_UNINITIALIZED_AUTOS = YES_AGGRESSIVE;
				GCC_WARN_UNUSED_FUNCTION = YES;
				GCC_WARN_UNUSED_VARIABLE = YES;
				IPHONEOS_DEPLOYMENT_TARGET = 17.0;
				MARKETING_VERSION = 0.1.0;
				MTL_ENABLE_DEBUG_INFO = INCLUDE_SOURCE;
				MTL_FAST_MATH = YES;
				ONLY_ACTIVE_ARCH = YES;
				PRODUCT_NAME = "$(TARGET_NAME)";
				SDKROOT = iphoneos;
				SWIFT_ACTIVE_COMPILATION_CONDITIONS = DEBUG;
				SWIFT_OPTIMIZATION_LEVEL = "-Onone";
				SWIFT_VERSION = 5.0;
			};
			name = Debug;
		};
		D68B44E047627317C55800A4 /* Debug */ = {
			isa = XCBuildConfiguration;
			buildSettings = {
				ASSETCATALOG_COMPILER_APPICON_NAME = AppIcon;
				ASSETCATALOG_COMPILER_GLOBAL_ACCENT_COLOR_NAME = AccentColor;
				CODE_SIGN_IDENTITY = "iPhone Developer";
				CODE_SIGN_STYLE = Automatic;
				DEVELOPMENT_TEAM = R5YS6ZB47G;
				INFOPLIST_FILE = ArGlass/Resources/Info.plist;
				LD_RUNPATH_SEARCH_PATHS = (
					"$(inherited)",
					"@executable_path/Frameworks",
				);
				PRODUCT_BUNDLE_IDENTIFIER = "com.fumiya-kume.arglass";
				SDKROOT = iphoneos;
				TARGETED_DEVICE_FAMILY = "1,2";
			};
			name = Debug;
		};
		ED74C6636E5D8F8934B04D85 /* Release */ = {
			isa = XCBuildConfiguration;
			buildSettings = {
				ALWAYS_SEARCH_USER_PATHS = NO;
				CLANG_ANALYZER_NONNULL = YES;
				CLANG_ANALYZER_NUMBER_OBJECT_CONVERSION = YES_AGGRESSIVE;
				CLANG_CXX_LANGUAGE_STANDARD = "gnu++14";
				CLANG_CXX_LIBRARY = "libc++";
				CLANG_ENABLE_MODULES = YES;
				CLANG_ENABLE_OBJC_ARC = YES;
				CLANG_ENABLE_OBJC_WEAK = YES;
				CLANG_WARN_BLOCK_CAPTURE_AUTORELEASING = YES;
				CLANG_WARN_BOOL_CONVERSION = YES;
				CLANG_WARN_COMMA = YES;
				CLANG_WARN_CONSTANT_CONVERSION = YES;
				CLANG_WARN_DEPRECATED_OBJC_IMPLEMENTATIONS = YES;
				CLANG_WARN_DIRECT_OBJC_ISA_USAGE = YES_ERROR;
				CLANG_WARN_DOCUMENTATION_COMMENTS = YES;
				CLANG_WARN_EMPTY_BODY = YES;
				CLANG_WARN_ENUM_CONVERSION = YES;
				CLANG_WARN_INFINITE_RECURSION = YES;
				CLANG_WARN_INT_CONVERSION = YES;
				CLANG_WARN_NON_LITERAL_NULL_CONVERSION = YES;
				CLANG_WARN_OBJC_IMPLICIT_RETAIN_SELF = YES;
				CLANG_WARN_OBJC_LITERAL_CONVERSION = YES;
				CLANG_WARN_OBJC_ROOT_CLASS = YES_ERROR;
				CLANG_WARN_QUOTED_INCLUDE_IN_FRAMEWORK_HEADER = YES;
				CLANG_WARN_RANGE_LOOP_ANALYSIS = YES;
				CLANG_WARN_STRICT_PROTOTYPES = YES;
				CLANG_WARN_SUSPICIOUS_MOVE = YES;
				CLANG_WARN_UNGUARDED_AVAILABILITY = YES_AGGRESSIVE;
				CLANG_WARN_UNREACHABLE_CODE = YES;
				CLANG_WARN__DUPLICATE_METHOD_MATCH = YES;
				COPY_PHASE_STRIP = NO;
				CURRENT_PROJECT_VERSION = 1;
				DEBUG_INFORMATION_FORMAT = "dwarf-with-dsym";
				ENABLE_NS_ASSERTIONS = NO;
				ENABLE_STRICT_OBJC_MSGSEND = YES;
				GCC_C_LANGUAGE_STANDARD = gnu11;
				GCC_NO_COMMON_BLOCKS = YES;
				GCC_WARN_64_TO_32_BIT_CONVERSION = YES;
				GCC_WARN_ABOUT_RETURN_TYPE = YES_ERROR;
				GCC_WARN_UNDECLARED_SELECTOR = YES;
				GCC_WARN_UNINITIALIZED_AUTOS = YES_AGGRESSIVE;
				GCC_WARN_UNUSED_FUNCTION = YES;
				GCC_WARN_UNUSED_VARIABLE = YES;
				IPHONEOS_DEPLOYMENT_TARGET = 17.0;
				MARKETING_VERSION = 0.1.0;
				MTL_ENABLE_DEBUG_INFO = NO;
				MTL_FAST_MATH = YES;
				PRODUCT_NAME = "$(TARGET_NAME)";
				SDKROOT = iphoneos;
				SWIFT_COMPILATION_MODE = wholemodule;
				SWIFT_OPTIMIZATION_LEVEL = "-O";
				SWIFT_VERSION = 5.0;
			};
			name = Release;
		};
/* End XCBuildConfiguration section */

/* Begin XCConfigurationList section */
		B626596722B6944F783FC263 /* Build configuration list for PBXNativeTarget "ArGlassTests" */ = {
			isa = XCConfigurationList;
			buildConfigurations = (
				1FFD7E07B2801EB40DCD1348 /* Debug */,
				9C7FDE683FC58ABDA5F01E03 /* Release */,
			);
			defaultConfigurationIsVisible = 0;
			defaultConfigurationName = Debug;
		};
		C0CFC0E74D9C6C4CE5BDB4F6 /* Build configuration list for PBXProject "ArGlass" */ = {
			isa = XCConfigurationList;
			buildConfigurations = (
				A4EB93A3229DCA7F4FA298DD /* Debug */,
				ED74C6636E5D8F8934B04D85 /* Release */,
			);
			defaultConfigurationIsVisible = 0;
			defaultConfigurationName = Debug;
		};
		E9F1F43E39D41EF598F8AAD5 /* Build configuration list for PBXNativeTarget "ArGlass" */ = {
			isa = XCConfigurationList;
			buildConfigurations = (
				D68B44E047627317C55800A4 /* Debug */,
				9617973AB885633EB7ECF2EA /* Release */,
			);
			defaultConfigurationIsVisible = 0;
			defaultConfigurationName = Debug;
		};
/* End XCConfigurationList section */
	};
	rootObject = FBC4074F63F8C57467B72CF6 /* Project object */;
}
